cookbook 'hipsnip-mongodb', :path => '/Users/adamb/Sites/hipsnip-mongodb'
cookbook 'apt', :locked_version => '1.9.2'
cookbook 'minitest-handler', :locked_version => '0.1.7'
cookbook 'hipsnip-mongodb_test', :path => '/Users/adamb/Sites/hipsnip-mongodb/test/cookbooks/hipsnip-mongodb_test'
cookbook 'chef_handler', :locked_version => '1.1.4'